
Microsoft Visual Studio Solution File, Format Version 12.00
# Visual Studio Version 17
VisualStudioVersion = 17.4.33122.133
MinimumVisualStudioVersion = 10.0.40219.1
Project("{8BC9CEB8-8B4A-11D0-8D11-00A0C91BC942}") = "PoisonXtac", "PoisonXtac\PoisonXtac.vcxproj", "{84A42109-889E-4625-BAC6-B0903E30A2B5}"
EndProject
Project("{8BC9CEB8-8B4A-11D0-8D11-00A0C91BC942}") = "MarkerLibrary64", "MarkerLibrary64\MarkerLibrary64.vcxproj", "{31809BFC-516D-4779-9B2B-AC30055CF028}"
EndProject
Project("{8BC9CEB8-8B4A-11D0-8D11-00A0C91BC942}") = "ShellcodeTemplate", "ShellcodeTemplate\ShellcodeTemplate.vcxproj", "{8DE2E81C-944F-47F6-B7A7-2D033E6D2B66}"
EndProject
Project("{8BC9CEB8-8B4A-11D0-8D11-00A0C91BC942}") = "TestShellcode", "TestShellcode\TestShellcode.vcxproj", "{BF844C4D-EE75-4D3C-B2D9-A25DB8A3AD4A}"
EndProject
Project("{8BC9CEB8-8B4A-11D0-8D11-00A0C91BC942}") = "XtacTranslateTool", "XtacTranslateTool\XtacTranslateTool.vcxproj", "{28544513-89C5-46A6-8E5A-91E62A56CED4}"
EndProject
Project("{8BC9CEB8-8B4A-11D0-8D11-00A0C91BC942}") = "MarkerLibrary32", "MarkerLibrary32\MarkerLibrary32.vcxproj", "{F661DC1E-849E-489F-9FAB-620D8AA31986}"
EndProject
Project("{8BC9CEB8-8B4A-11D0-8D11-00A0C91BC942}") = "CalcHashes", "CalcHashes\CalcHashes.vcxproj", "{D9EC75DD-CAE3-47F4-81E8-9F0712156018}"
EndProject
Project("{8BC9CEB8-8B4A-11D0-8D11-00A0C91BC942}") = "NTFSTimestampsExperiment", "NTFSTimestampsExperiment\NTFSTimestampsExperiment.vcxproj", "{FD6546CB-1EF1-419A-B0E2-D7FDC682E898}"
EndProject
Global
	GlobalSection(SolutionConfigurationPlatforms) = preSolution
		Debug|ARM64EC = Debug|ARM64EC
		Debug|x64 = Debug|x64
		Debug|x86 = Debug|x86
		Release|ARM64EC = Release|ARM64EC
		Release|x64 = Release|x64
		Release|x86 = Release|x86
	EndGlobalSection
	GlobalSection(ProjectConfigurationPlatforms) = postSolution
		{84A42109-889E-4625-BAC6-B0903E30A2B5}.Debug|ARM64EC.ActiveCfg = Debug|ARM64EC
		{84A42109-889E-4625-BAC6-B0903E30A2B5}.Debug|ARM64EC.Build.0 = Debug|ARM64EC
		{84A42109-889E-4625-BAC6-B0903E30A2B5}.Debug|x64.ActiveCfg = Debug|x64
		{84A42109-889E-4625-BAC6-B0903E30A2B5}.Debug|x64.Build.0 = Debug|x64
		{84A42109-889E-4625-BAC6-B0903E30A2B5}.Debug|x86.ActiveCfg = Debug|Win32
		{84A42109-889E-4625-BAC6-B0903E30A2B5}.Debug|x86.Build.0 = Debug|Win32
		{84A42109-889E-4625-BAC6-B0903E30A2B5}.Release|ARM64EC.ActiveCfg = Release|ARM64EC
		{84A42109-889E-4625-BAC6-B0903E30A2B5}.Release|ARM64EC.Build.0 = Release|ARM64EC
		{84A42109-889E-4625-BAC6-B0903E30A2B5}.Release|x64.ActiveCfg = Release|x64
		{84A42109-889E-4625-BAC6-B0903E30A2B5}.Release|x64.Build.0 = Release|x64
		{84A42109-889E-4625-BAC6-B0903E30A2B5}.Release|x86.ActiveCfg = Release|Win32
		{84A42109-889E-4625-BAC6-B0903E30A2B5}.Release|x86.Build.0 = Release|Win32
		{31809BFC-516D-4779-9B2B-AC30055CF028}.Debug|ARM64EC.ActiveCfg = Debug|x64
		{31809BFC-516D-4779-9B2B-AC30055CF028}.Debug|ARM64EC.Build.0 = Debug|x64
		{31809BFC-516D-4779-9B2B-AC30055CF028}.Debug|x64.ActiveCfg = Debug|x64
		{31809BFC-516D-4779-9B2B-AC30055CF028}.Debug|x64.Build.0 = Debug|x64
		{31809BFC-516D-4779-9B2B-AC30055CF028}.Debug|x86.ActiveCfg = Debug|Win32
		{31809BFC-516D-4779-9B2B-AC30055CF028}.Debug|x86.Build.0 = Debug|Win32
		{31809BFC-516D-4779-9B2B-AC30055CF028}.Release|ARM64EC.ActiveCfg = Release|x64
		{31809BFC-516D-4779-9B2B-AC30055CF028}.Release|ARM64EC.Build.0 = Release|x64
		{31809BFC-516D-4779-9B2B-AC30055CF028}.Release|x64.ActiveCfg = Release|x64
		{31809BFC-516D-4779-9B2B-AC30055CF028}.Release|x64.Build.0 = Release|x64
		{31809BFC-516D-4779-9B2B-AC30055CF028}.Release|x86.ActiveCfg = Release|x64
		{31809BFC-516D-4779-9B2B-AC30055CF028}.Release|x86.Build.0 = Release|x64
		{8DE2E81C-944F-47F6-B7A7-2D033E6D2B66}.Debug|ARM64EC.ActiveCfg = Debug|x64
		{8DE2E81C-944F-47F6-B7A7-2D033E6D2B66}.Debug|ARM64EC.Build.0 = Debug|x64
		{8DE2E81C-944F-47F6-B7A7-2D033E6D2B66}.Debug|x64.ActiveCfg = Debug|x64
		{8DE2E81C-944F-47F6-B7A7-2D033E6D2B66}.Debug|x64.Build.0 = Debug|x64
		{8DE2E81C-944F-47F6-B7A7-2D033E6D2B66}.Debug|x86.ActiveCfg = Debug|Win32
		{8DE2E81C-944F-47F6-B7A7-2D033E6D2B66}.Debug|x86.Build.0 = Debug|Win32
		{8DE2E81C-944F-47F6-B7A7-2D033E6D2B66}.Release|ARM64EC.ActiveCfg = Release|x64
		{8DE2E81C-944F-47F6-B7A7-2D033E6D2B66}.Release|ARM64EC.Build.0 = Release|x64
		{8DE2E81C-944F-47F6-B7A7-2D033E6D2B66}.Release|x64.ActiveCfg = Release|x64
		{8DE2E81C-944F-47F6-B7A7-2D033E6D2B66}.Release|x64.Build.0 = Release|x64
		{8DE2E81C-944F-47F6-B7A7-2D033E6D2B66}.Release|x86.ActiveCfg = Release|Win32
		{8DE2E81C-944F-47F6-B7A7-2D033E6D2B66}.Release|x86.Build.0 = Release|Win32
		{BF844C4D-EE75-4D3C-B2D9-A25DB8A3AD4A}.Debug|ARM64EC.ActiveCfg = Debug|x64
		{BF844C4D-EE75-4D3C-B2D9-A25DB8A3AD4A}.Debug|ARM64EC.Build.0 = Debug|x64
		{BF844C4D-EE75-4D3C-B2D9-A25DB8A3AD4A}.Debug|x64.ActiveCfg = Debug|x64
		{BF844C4D-EE75-4D3C-B2D9-A25DB8A3AD4A}.Debug|x64.Build.0 = Debug|x64
		{BF844C4D-EE75-4D3C-B2D9-A25DB8A3AD4A}.Debug|x86.ActiveCfg = Debug|Win32
		{BF844C4D-EE75-4D3C-B2D9-A25DB8A3AD4A}.Debug|x86.Build.0 = Debug|Win32
		{BF844C4D-EE75-4D3C-B2D9-A25DB8A3AD4A}.Release|ARM64EC.ActiveCfg = Release|x64
		{BF844C4D-EE75-4D3C-B2D9-A25DB8A3AD4A}.Release|ARM64EC.Build.0 = Release|x64
		{BF844C4D-EE75-4D3C-B2D9-A25DB8A3AD4A}.Release|x64.ActiveCfg = Release|x64
		{BF844C4D-EE75-4D3C-B2D9-A25DB8A3AD4A}.Release|x64.Build.0 = Release|x64
		{BF844C4D-EE75-4D3C-B2D9-A25DB8A3AD4A}.Release|x86.ActiveCfg = Release|Win32
		{BF844C4D-EE75-4D3C-B2D9-A25DB8A3AD4A}.Release|x86.Build.0 = Release|Win32
		{28544513-89C5-46A6-8E5A-91E62A56CED4}.Debug|ARM64EC.ActiveCfg = Debug|ARM64EC
		{28544513-89C5-46A6-8E5A-91E62A56CED4}.Debug|ARM64EC.Build.0 = Debug|ARM64EC
		{28544513-89C5-46A6-8E5A-91E62A56CED4}.Debug|x64.ActiveCfg = Debug|ARM64EC
		{28544513-89C5-46A6-8E5A-91E62A56CED4}.Debug|x64.Build.0 = Debug|ARM64EC
		{28544513-89C5-46A6-8E5A-91E62A56CED4}.Debug|x86.ActiveCfg = Debug|Win32
		{28544513-89C5-46A6-8E5A-91E62A56CED4}.Debug|x86.Build.0 = Debug|Win32
		{28544513-89C5-46A6-8E5A-91E62A56CED4}.Release|ARM64EC.ActiveCfg = Release|ARM64EC
		{28544513-89C5-46A6-8E5A-91E62A56CED4}.Release|ARM64EC.Build.0 = Release|ARM64EC
		{28544513-89C5-46A6-8E5A-91E62A56CED4}.Release|x64.ActiveCfg = Release|x64
		{28544513-89C5-46A6-8E5A-91E62A56CED4}.Release|x64.Build.0 = Release|x64
		{28544513-89C5-46A6-8E5A-91E62A56CED4}.Release|x86.ActiveCfg = Release|Win32
		{28544513-89C5-46A6-8E5A-91E62A56CED4}.Release|x86.Build.0 = Release|Win32
		{F661DC1E-849E-489F-9FAB-620D8AA31986}.Debug|ARM64EC.ActiveCfg = Debug|x64
		{F661DC1E-849E-489F-9FAB-620D8AA31986}.Debug|ARM64EC.Build.0 = Debug|x64
		{F661DC1E-849E-489F-9FAB-620D8AA31986}.Debug|x64.ActiveCfg = Debug|x64
		{F661DC1E-849E-489F-9FAB-620D8AA31986}.Debug|x64.Build.0 = Debug|x64
		{F661DC1E-849E-489F-9FAB-620D8AA31986}.Debug|x86.ActiveCfg = Debug|Win32
		{F661DC1E-849E-489F-9FAB-620D8AA31986}.Debug|x86.Build.0 = Debug|Win32
		{F661DC1E-849E-489F-9FAB-620D8AA31986}.Release|ARM64EC.ActiveCfg = Release|Win32
		{F661DC1E-849E-489F-9FAB-620D8AA31986}.Release|ARM64EC.Build.0 = Release|Win32
		{F661DC1E-849E-489F-9FAB-620D8AA31986}.Release|x64.ActiveCfg = Release|Win32
		{F661DC1E-849E-489F-9FAB-620D8AA31986}.Release|x64.Build.0 = Release|Win32
		{F661DC1E-849E-489F-9FAB-620D8AA31986}.Release|x86.ActiveCfg = Release|Win32
		{F661DC1E-849E-489F-9FAB-620D8AA31986}.Release|x86.Build.0 = Release|Win32
		{D9EC75DD-CAE3-47F4-81E8-9F0712156018}.Debug|ARM64EC.ActiveCfg = Debug|x64
		{D9EC75DD-CAE3-47F4-81E8-9F0712156018}.Debug|ARM64EC.Build.0 = Debug|x64
		{D9EC75DD-CAE3-47F4-81E8-9F0712156018}.Debug|x64.ActiveCfg = Debug|x64
		{D9EC75DD-CAE3-47F4-81E8-9F0712156018}.Debug|x64.Build.0 = Debug|x64
		{D9EC75DD-CAE3-47F4-81E8-9F0712156018}.Debug|x86.ActiveCfg = Debug|Win32
		{D9EC75DD-CAE3-47F4-81E8-9F0712156018}.Debug|x86.Build.0 = Debug|Win32
		{D9EC75DD-CAE3-47F4-81E8-9F0712156018}.Release|ARM64EC.ActiveCfg = Release|x64
		{D9EC75DD-CAE3-47F4-81E8-9F0712156018}.Release|ARM64EC.Build.0 = Release|x64
		{D9EC75DD-CAE3-47F4-81E8-9F0712156018}.Release|x64.ActiveCfg = Release|x64
		{D9EC75DD-CAE3-47F4-81E8-9F0712156018}.Release|x64.Build.0 = Release|x64
		{D9EC75DD-CAE3-47F4-81E8-9F0712156018}.Release|x86.ActiveCfg = Release|x64
		{D9EC75DD-CAE3-47F4-81E8-9F0712156018}.Release|x86.Build.0 = Release|x64
		{FD6546CB-1EF1-419A-B0E2-D7FDC682E898}.Debug|ARM64EC.ActiveCfg = Debug|x64
		{FD6546CB-1EF1-419A-B0E2-D7FDC682E898}.Debug|ARM64EC.Build.0 = Debug|x64
		{FD6546CB-1EF1-419A-B0E2-D7FDC682E898}.Debug|x64.ActiveCfg = Debug|x64
		{FD6546CB-1EF1-419A-B0E2-D7FDC682E898}.Debug|x64.Build.0 = Debug|x64
		{FD6546CB-1EF1-419A-B0E2-D7FDC682E898}.Debug|x86.ActiveCfg = Debug|Win32
		{FD6546CB-1EF1-419A-B0E2-D7FDC682E898}.Debug|x86.Build.0 = Debug|Win32
		{FD6546CB-1EF1-419A-B0E2-D7FDC682E898}.Release|ARM64EC.ActiveCfg = Release|x64
		{FD6546CB-1EF1-419A-B0E2-D7FDC682E898}.Release|ARM64EC.Build.0 = Release|x64
		{FD6546CB-1EF1-419A-B0E2-D7FDC682E898}.Release|x64.ActiveCfg = Release|x64
		{FD6546CB-1EF1-419A-B0E2-D7FDC682E898}.Release|x64.Build.0 = Release|x64
		{FD6546CB-1EF1-419A-B0E2-D7FDC682E898}.Release|x86.ActiveCfg = Release|Win32
		{FD6546CB-1EF1-419A-B0E2-D7FDC682E898}.Release|x86.Build.0 = Release|Win32
	EndGlobalSection
	GlobalSection(SolutionProperties) = preSolution
		HideSolutionNode = FALSE
	EndGlobalSection
	GlobalSection(ExtensibilityGlobals) = postSolution
		SolutionGuid = {6CE1068D-C93D-4AE6-BE5D-0CDCD37F2236}
	EndGlobalSection
EndGlobal
